// !$*UTF8*$!
{
	archiveVersion = 1;
	classes = {
	};
	objectVersion = 46;
	objects = {

/* Begin PBXBuildFile section */
		798A26351E144BD700C57187 /* AppDelegate.swift in Sources */ = {isa = PBXBuildFile; fileRef = 798A26341E144BD700C57187 /* AppDelegate.swift */; };
		798A26371E144BD700C57187 /* ViewController.swift in Sources */ = {isa = PBXBuildFile; fileRef = 798A26361E144BD700C57187 /* ViewController.swift */; };
		798A263A1E144BD700C57187 /* Main.storyboard in Resources */ = {isa = PBXBuildFile; fileRef = 798A26381E144BD700C57187 /* Main.storyboard */; };
		798A263C1E144BD700C57187 /* Assets.xcassets in Resources */ = {isa = PBXBuildFile; fileRef = 798A263B1E144BD700C57187 /* Assets.xcassets */; };
		798A263F1E144BD700C57187 /* LaunchScreen.storyboard in Resources */ = {isa = PBXBuildFile; fileRef = 798A263D1E144BD700C57187 /* LaunchScreen.storyboard */; };
/* End PBXBuildFile section */

/* Begin PBXFileReference section */
		798A26311E144BD700C57187 /* yalujb.app */ = {isa = PBXFileReference; explicitFileType = wrapper.application; includeInIndex = 0; path = yalujb.app; sourceTree = BUILT_PRODUCTS_DIR; };
		798A26341E144BD700C57187 /* AppDelegate.swift */ = {isa = PBXFileReference; lastKnownFileType = sourcecode.swift; path = AppDelegate.swift; sourceTree = "<group>"; };
		798A26361E144BD700C57187 /* ViewController.swift */ = {isa = PBXFileReference; lastKnownFileType = sourcecode.swift; path = ViewController.swift; sourceTree = "<group>"; };
		798A26391E144BD700C57187 /* Base */ = {isa = PBXFileReference; lastKnownFileType = file.storyboard; name = Base; path = Base.lproj/Main.storyboard; sourceTree = "<group>"; };
		798A263B1E144BD700C57187 /* Assets.xcassets */ = {isa = PBXFileReference; lastKnownFileType = folder.assetcatalog; path = Assets.xcassets; sourceTree = "<group>"; };
		798A263E1E144BD700C57187 /* Base */ = {isa = PBXFileReference; lastKnownFileType = file.storyboard; name = Base; path = Base.lproj/LaunchScreen.storyboard; sourceTree = "<group>"; };
		798A26401E144BD700C57187 /* Info.plist */ = {isa = PBXFileReference; lastKnownFileType = text.plist.xml; path = Info.plist; sourceTree = "<group>"; };
/* End PBXFileReference section */

/* Begin PBXFrameworksBuildPhase section */
		798A262E1E144BD700C57187 /* Frameworks */ = {
			isa = PBXFrameworksBuildPhase;
			buildActionMask = 2147483647;
			files = (
			);
			runOnlyForDeploymentPostprocessing = 0;
		};
/* End PBXFrameworksBuildPhase section */

/* Begin PBXGroup section */
		798A26281E144BD700C57187 = {
			isa = PBXGroup;
			children = (
				798A26331E144BD700C57187 /* yalujb */,
				798A26321E144BD700C57187 /* Products */,
			);
			sourceTree = "<group>";
		};
		798A26321E144BD700C57187 /* Products */ = {
			isa = PBXGroup;
			children = (
				798A26311E144BD700C57187 /* yalujb.app */,
			);
			name = Products;
			sourceTree = "<group>";
		};
		798A26331E144BD700C57187 /* yalujb */ = {
			isa = PBXGroup;
			children = (
				798A26341E144BD700C57187 /* AppDelegate.swift */,
				798A26361E144BD700C57187 /* ViewController.swift */,
				798A26381E144BD700C57187 /* Main.storyboard */,
				798A263B1E144BD700C57187 /* Assets.xcassets */,
				798A263D1E144BD700C57187 /* LaunchScreen.storyboard */,
				798A26401E144BD700C57187 /* Info.plist */,
			);
			path = yalujb;
			sourceTree = "<group>";
		};
/* End PBXGroup section */

/* Begin PBXNativeTarget section */
		798A26301E144BD700C57187 /* yalujb */ = {
			isa = PBXNativeTarget;
			buildConfigurationList = 798A26431E144BD700C57187 /* Build configuration list for PBXNativeTarget "yalujb" */;
			buildPhases = (
				798A262D1E144BD700C57187 /* Sources */,
				798A262E1E144BD700C57187 /* Frameworks */,
				798A262F1E144BD700C57187 /* Resources */,
			);
			buildRules = (
			);
			dependencies = (
			);
			name = yalujb;
			productName = yalujb;
			productReference = 798A26311E144BD700C57187 /* yalujb.app */;
			productType = "com.apple.product-type.application";
		};
/* End PBXNativeTarget section */

/* Begin PBXProject section */
		798A26291E144BD700C57187 /* Project object */ = {
			isa = PBXProject;
			attributes = {
				LastSwiftUpdateCheck = 0820;
				LastUpgradeCheck = 0820;
				ORGANIZATIONNAME = xungeng;
				TargetAttributes = {
					798A26301E144BD700C57187 = {
						CreatedOnToolsVersion = 8.2.1;
						DevelopmentTeam = H2JE2CWJS7;
						ProvisioningStyle = Automatic;
					};
				};
			};
			buildConfigurationList = 798A262C1E144BD700C57187 /* Build configuration list for PBXProject "yalujb" */;
			compatibilityVersion = "Xcode 3.2";
			developmentRegion = English;
			hasScannedForEncodings = 0;
			knownRegions = (
				en,
				Base,
			);
			mainGroup = 798A26281E144BD700C57187;
			productRefGroup = 798A26321E144BD700C57187 /* Products */;
			projectDirPath = "";
			projectRoot = "";
			targets = (
				798A26301E144BD700C57187 /* yalujb */,
			);
		};
/* End PBXProject section */

/* Begin PBXResourcesBuildPhase section */
		798A262F1E144BD700C57187 /* Resources */ = {
			isa = PBXResourcesBuildPhase;
			buildActionMask = 2147483647;
			files = (
				798A263F1E144BD700C57187 /* LaunchScreen.storyboard in Resources */,
				798A263C1E144BD700C57187 /* Assets.xcassets in Resources */,
				798A263A1E144BD700C57187 /* Main.storyboard in Resources */,
			);
			runOnlyForDeploymentPostprocessing = 0;
		};
/* End PBXResourcesBuildPhase section */

/* Begin PBXSourcesBuildPhase section */
		798A262D1E144BD700C57187 /* Sources */ = {
			isa = PBXSourcesBuildPhase;
			buildActionMask = 2147483647;
			files = (
				798A26371E144BD700C57187 /* ViewController.swift in Sources */,
				798A26351E144BD700C57187 /* AppDelegate.swift in Sources */,
			);
			runOnlyForDeploymentPostprocessing = 0;
		};
/* End PBXSourcesBuildPhase section */

/* Begin PBXVariantGroup section */
		798A26381E144BD700C57187 /* Main.storyboard */ = {
			isa = PBXVariantGroup;
			children = (
				798A26391E144BD700C57187 /* Base */,
			);
			name = Main.storyboard;
			sourceTree = "<group>";
		};
		798A263D1E144BD700C57187 /* LaunchScreen.storyboard */ = {
			isa = PBXVariantGroup;
			children = (
				798A263E1E144BD700C57187 /* Base */,
			);
			name = LaunchScreen.storyboard;
			sourceTree = "<group>";
		};
/* End PBXVariantGroup section */

/* Begin XCBuildConfiguration section */
		798A26411E144BD700C57187 /* Debug */ = {
			isa = XCBuildConfiguration;
			buildSettings = {
				ALWAYS_SEARCH_USER_PATHS = NO;
				CLANG_ANALYZER_NONNULL = YES;
				CLANG_CXX_LANGUAGE_STANDARD = "gnu++0x";
				CLANG_CXX_LIBRARY = "libc++";
				CLANG_ENABLE_MODULES = YES;
				CLANG_ENABLE_OBJC_ARC = YES;
				CLANG_WARN_BOOL_CONVERSION = YES;
				CLANG_WARN_CONSTANT_CONVERSION = YES;
				CLANG_WARN_DIRECT_OBJC_ISA_USAGE = YES_ERROR;
				CLANG_WARN_DOCUMENTATION_COMMENTS = YES;
				CLANG_WARN_EMPTY_BODY = YES;
				CLANG_WARN_ENUM_CONVERSION = YES;
				CLANG_WARN_INFINITE_RECURSION = YES;
				CLANG_WARN_INT_CONVERSION = YES;
				CLANG_WARN_OBJC_ROOT_CLASS = YES_ERROR;
				CLANG_WARN_SUSPICIOUS_MOVE = YES;
				CLANG_WARN_UNREACHABLE_CODE = YES;
				CLANG_WARN__DUPLICATE_METHOD_MATCH = YES;
				"CODE_SIGN_IDENTITY[sdk=iphoneos*]" = "iPhone Developer";
				COPY_PHASE_STRIP = NO;
				DEBUG_INFORMATION_FORMAT = dwarf;
				ENABLE_STRICT_OBJC_MSGSEND = YES;
				ENABLE_TESTABILITY = YES;
				GCC_C_LANGUAGE_STANDARD = gnu99;
				GCC_DYNAMIC_NO_PIC = NO;
				GCC_NO_COMMON_BLOCKS = YES;
				GCC_OPTIMIZATION_LEVEL = 0;
				GCC_PREPROCESSOR_DEFINITIONS = (
					"DEBUG=1",
					"$(inherited)",
				);
				GCC_WARN_64_TO_32_BIT_CONVERSION = YES;
				GCC_WARN_ABOUT_RETURN_TYPE = YES_ERROR;
				GCC_WARN_UNDECLARED_SELECTOR = YES;
				GCC_WARN_UNINITIALIZED_AUTOS = YES_AGGRESSIVE;
				GCC_WARN_UNUSED_FUNCTION = YES;
				GCC_WARN_UNUSED_VARIABLE = YES;
				IPHONEOS_DEPLOYMENT_TARGET = 10.2;
				MTL_ENABLE_DEBUG_INFO = YES;
				ONLY_ACTIVE_ARCH = YES;
				SDKROOT = iphoneos;
				SWIFT_ACTIVE_COMPILATION_CONDITIONS = DEBUG;
				SWIFT_OPTIMIZATION_LEVEL = "-Onone";
				TARGETED_DEVICE_FAMILY = "1,2";
			};
			name = Debug;
		};
		798A26421E144BD700C57187 /* Release */ = {
			isa = XCBuildConfiguration;
			buildSettings = {
				ALWAYS_SEARCH_USER_PATHS = NO;
				CLANG_ANALYZER_NONNULL = YES;
				CLANG_CXX_LANGUAGE_STANDARD = "gnu++0x";
				CLANG_CXX_LIBRARY = "libc++";
				CLANG_ENABLE_MODULES = YES;
				CLANG_ENABLE_OBJC_ARC = YES;
				CLANG_WARN_BOOL_CONVERSION = YES;
				CLANG_WARN_CONSTANT_CONVERSION = YES;
				CLANG_WARN_DIRECT_OBJC_ISA_USAGE = YES_ERROR;
				CLANG_WARN_DOCUMENTATION_COMMENTS = YES;
				CLANG_WARN_EMPTY_BODY = YES;
				CLANG_WARN_ENUM_CONVERSION = YES;
				CLANG_WARN_INFINITE_RECURSION = YES;
				CLANG_WARN_INT_CONVERSION = YES;
				CLANG_WARN_OBJC_ROOT_CLASS = YES_ERROR;
				CLANG_WARN_SUSPICIOUS_MOVE = YES;
				CLANG_WARN_UNREACHABLE_CODE = YES;
				CLANG_WARN__DUPLICATE_METHOD_MATCH = YES;
				"CODE_SIGN_IDENTITY[sdk=iphoneos*]" = "iPhone Developer";
				COPY_PHASE_STRIP = NO;
				DEBUG_INFORMATION_FORMAT = "dwarf-with-dsym";
				ENABLE_NS_ASSERTIONS = NO;
				ENABLE_STRICT_OBJC_MSGSEND = YES;
				GCC_C_LANGUAGE_STANDARD = gnu99;
				GCC_NO_COMMON_BLOCKS = YES;
				GCC_WARN_64_TO_32_BIT_CONVERSION = YES;
				GCC_WARN_ABOUT_RETURN_TYPE = YES_ERROR;
				GCC_WARN_UNDECLARED_SELECTOR = YES;
				GCC_WARN_UNINITIALIZED_AUTOS = YES_AGGRESSIVE;
				GCC_WARN_UNUSED_FUNCTION = YES;
				GCC_WARN_UNUSED_VARIABLE = YES;
				IPHONEOS_DEPLOYMENT_TARGET = 10.2;
				MTL_ENABLE_DEBUG_INFO = NO;
				SDKROOT = iphoneos;
				SWIFT_OPTIMIZATION_LEVEL = "-Owholemodule";
				TARGETED_DEVICE_FAMILY = "1,2";
				VALIDATE_PRODUCT = YES;
			};
			name = Release;
		};
		798A26441E144BD700C57187 /* Debug */ = {
			isa = XCBuildConfiguration;
			buildSettings = {
				ASSETCATALOG_COMPILER_APPICON_NAME = AppIcon;
				DEVELOPMENT_TEAM = H2JE2CWJS7;
				INFOPLIST_FILE = yalujb/Info.plist;
				LD_RUNPATH_SEARCH_PATHS = "$(inherited) @executable_path/Frameworks";
				PRODUCT_BUNDLE_IDENTIFIER = com.tencent.jb.yalujb;
				PRODUCT_NAME = "$(TARGET_NAME)";
				SWIFT_VERSION = 3.0;
			};
			name = Debug;
		};
		798A26451E144BD700C57187 /* Release */ = {
			isa = XCBuildConfiguration;
			buildSettings = {
				ASSETCATALOG_COMPILER_APPICON_NAME = AppIcon;
				DEVELOPMENT_TEAM = H2JE2CWJS7;
				INFOPLIST_FILE = yalujb/Info.plist;
				LD_RUNPATH_SEARCH_PATHS = "$(inherited) @executable_path/Frameworks";
				PRODUCT_BUNDLE_IDENTIFIER = com.tencent.jb.yalujb;
				PRODUCT_NAME = "$(TARGET_NAME)";
				SWIFT_VERSION = 3.0;
			};
			name = Release;
		};
/* End XCBuildConfiguration section */

/* Begin XCConfigurationList section */
		798A262C1E144BD700C57187 /* Build configuration list for PBXProject "yalujb" */ = {
			isa = XCConfigurationList;
			buildConfigurations = (
				798A26411E144BD700C57187 /* Debug */,
				798A26421E144BD700C57187 /* Release */,
			);
			defaultConfigurationIsVisible = 0;
			defaultConfigurationName = Release;
		};
		798A26431E144BD700C57187 /* Build configuration list for PBXNativeTarget "yalujb" */ = {
			isa = XCConfigurationList;
			buildConfigurations = (
				798A26441E144BD700C57187 /* Debug */,
				798A26451E144BD700C57187 /* Release */,
			);
			defaultConfigurationIsVisible = 0;
		};
/* End XCConfigurationList section */
	};
	rootObject = 798A26291E144BD700C57187 /* Project object */;
}
